
Microsoft Visual Studio Solution File, Format Version 12.00
# Visual Studio Version 17
VisualStudioVersion = 17.3.32825.248
MinimumVisualStudioVersion = 10.0.40219.1
Project("{9A19103F-16F7-4668-BE54-9A1E7A4F7556}") = "Batur.AdvertisementApp.Common", "Batur.AdvertisementApp.Common\Batur.AdvertisementApp.Common.csproj", "{D1D44202-7DC5-4904-96E0-D3802B5C1B80}"
EndProject
Project("{9A19103F-16F7-4668-BE54-9A1E7A4F7556}") = "Batur.AdvertisementApp.Entities", "Batur.AdvertisementApp.Entities\Batur.AdvertisementApp.Entities.csproj", "{40AE380A-BF19-47DC-A29C-523D6753BC11}"
EndProject
Project("{FAE04EC0-301F-11D3-BF4B-00C04F79EFBC}") = "Batur.AdvertisementApp.DataAccess", "Batur.AdvertisementApp.DataAccess\Batur.AdvertisementApp.DataAccess.csproj", "{3DA401BD-15A8-4038-BBAD-C70C44791871}"
EndProject
Global
	GlobalSection(SolutionConfigurationPlatforms) = preSolution
		Debug|Any CPU = Debug|Any CPU
		Release|Any CPU = Release|Any CPU
	EndGlobalSection
	GlobalSection(ProjectConfigurationPlatforms) = postSolution
		{D1D44202-7DC5-4904-96E0-D3802B5C1B80}.Debug|Any CPU.ActiveCfg = Debug|Any CPU
		{D1D44202-7DC5-4904-96E0-D3802B5C1B80}.Debug|Any CPU.Build.0 = Debug|Any CPU
		{D1D44202-7DC5-4904-96E0-D3802B5C1B80}.Release|Any CPU.ActiveCfg = Release|Any CPU
		{D1D44202-7DC5-4904-96E0-D3802B5C1B80}.Release|Any CPU.Build.0 = Release|Any CPU
		{40AE380A-BF19-47DC-A29C-523D6753BC11}.Debug|Any CPU.ActiveCfg = Debug|Any CPU
		{40AE380A-BF19-47DC-A29C-523D6753BC11}.Debug|Any CPU.Build.0 = Debug|Any CPU
		{40AE380A-BF19-47DC-A29C-523D6753BC11}.Release|Any CPU.ActiveCfg = Release|Any CPU
		{40AE380A-BF19-47DC-A29C-523D6753BC11}.Release|Any CPU.Build.0 = Release|Any CPU
		{3DA401BD-15A8-4038-BBAD-C70C44791871}.Debug|Any CPU.ActiveCfg = Debug|Any CPU
		{3DA401BD-15A8-4038-BBAD-C70C44791871}.Debug|Any CPU.Build.0 = Debug|Any CPU
		{3DA401BD-15A8-4038-BBAD-C70C44791871}.Release|Any CPU.ActiveCfg = Release|Any CPU
		{3DA401BD-15A8-4038-BBAD-C70C44791871}.Release|Any CPU.Build.0 = Release|Any CPU
	EndGlobalSection
	GlobalSection(SolutionProperties) = preSolution
		HideSolutionNode = FALSE
	EndGlobalSection
	GlobalSection(ExtensibilityGlobals) = postSolution
		SolutionGuid = {5B57FD20-A205-4464-A657-856C584382DE}
	EndGlobalSection
EndGlobal
